
Microsoft Visual Studio Solution File, Format Version 12.00
# Visual Studio Version 17
VisualStudioVersion = 17.8.34408.163
MinimumVisualStudioVersion = 10.0.40219.1
Project("{9A19103F-16F7-4668-BE54-9A1E7A4F7556}") = "TMDT_MOHINHMACCA", "TMDT_MOHINHMACCA\TMDT_MOHINHMACCA.csproj", "{2C62232E-B74F-4EFE-ABDC-F03E8498311A}"
EndProject
Global
	GlobalSection(SolutionConfigurationPlatforms) = preSolution
		Debug|Any CPU = Debug|Any CPU
		Release|Any CPU = Release|Any CPU
	EndGlobalSection
	GlobalSection(ProjectConfigurationPlatforms) = postSolution
		{2C62232E-B74F-4EFE-ABDC-F03E8498311A}.Debug|Any CPU.ActiveCfg = Debug|Any CPU
		{2C62232E-B74F-4EFE-ABDC-F03E8498311A}.Debug|Any CPU.Build.0 = Debug|Any CPU
		{2C62232E-B74F-4EFE-ABDC-F03E8498311A}.Release|Any CPU.ActiveCfg = Release|Any CPU
		{2C62232E-B74F-4EFE-ABDC-F03E8498311A}.Release|Any CPU.Build.0 = Release|Any CPU
	EndGlobalSection
	GlobalSection(SolutionProperties) = preSolution
		HideSolutionNode = FALSE
	EndGlobalSection
	GlobalSection(ExtensibilityGlobals) = postSolution
		SolutionGuid = {EB777112-F914-4CA1-B100-7B6D994ABE4E}
	EndGlobalSection
EndGlobal
